
Microsoft Visual Studio Solution File, Format Version 12.00
# Visual Studio Version 17
VisualStudioVersion = 17.2.32616.157
MinimumVisualStudioVersion = 10.0.40219.1
Project("{2150E333-8FDC-42A3-9474-1A3956D46DE8}") = "src", "src", "{450BA577-C222-47C9-BDF8-AB84C856AA63}"
EndProject
Project("{2150E333-8FDC-42A3-9474-1A3956D46DE8}") = "corePackeges", "corePackeges", "{4042FA0B-C55C-4198-92E0-B2490A9C0C19}"
EndProject
Project("{9A19103F-16F7-4668-BE54-9A1E7A4F7556}") = "Kodlama.io.Core.Persistence", "src\corePackeges\Kodlama.io.Persistence\Kodlama.io.Core.Persistence.csproj", "{4BABDC68-3DF2-4351-BE77-CDA1E33227AA}"
EndProject
Project("{2150E333-8FDC-42A3-9474-1A3956D46DE8}") = "kodlama.io.Devs", "kodlama.io.Devs", "{E5E72881-C6CA-49B2-9C6A-7CAF9F9EE41E}"
EndProject
Project("{9A19103F-16F7-4668-BE54-9A1E7A4F7556}") = "Application", "src\kodlama.io.Devs\Application\Application.csproj", "{07437B0C-EDED-4A03-BFBF-608AB2F0FB5E}"
EndProject
Project("{9A19103F-16F7-4668-BE54-9A1E7A4F7556}") = "Domain", "src\kodlama.io.Devs\Domain\Domain.csproj", "{6DFB835E-B6CC-40FF-B390-CB5CA62FEE91}"
EndProject
Project("{9A19103F-16F7-4668-BE54-9A1E7A4F7556}") = "Infrastructure", "src\kodlama.io.Devs\Infrastructure\Infrastructure.csproj", "{E2512DFB-1047-49B1-9EBA-77CFCC216375}"
EndProject
Project("{9A19103F-16F7-4668-BE54-9A1E7A4F7556}") = "Persistence", "src\kodlama.io.Devs\Persistence\Persistence.csproj", "{E7DF6728-6148-4055-8C9D-F047F456A17A}"
EndProject
Project("{9A19103F-16F7-4668-BE54-9A1E7A4F7556}") = "WebAPI", "src\kodlama.io.Devs\WebAPI\WebAPI.csproj", "{6F5A2010-3AD7-4B12-97C1-E3557B0D9735}"
EndProject
Project("{9A19103F-16F7-4668-BE54-9A1E7A4F7556}") = "Kodlama.io.Core.Application", "src\corePackeges\Kodlama.io.Core.Application\Kodlama.io.Core.Application.csproj", "{B2EBD96B-CAF8-4EBF-880A-79EE6308A99C}"
EndProject
Project("{9A19103F-16F7-4668-BE54-9A1E7A4F7556}") = "Kodlama.io.Core.CrossCuttingConcers", "src\corePackeges\Kodlama.io.Core.CrossCuttingConcers\Kodlama.io.Core.CrossCuttingConcers.csproj", "{D52CF04D-2E0C-446C-BE96-90B1CE8E1B40}"
EndProject
Project("{FAE04EC0-301F-11D3-BF4B-00C04F79EFBC}") = "Kodlama.io.Core.Security", "src\corePackeges\Kodlama.io.Core.Security\Kodlama.io.Core.Security.csproj", "{E2CE3314-2006-476C-B6DB-B30766EB5816}"
EndProject
Global
	GlobalSection(SolutionConfigurationPlatforms) = preSolution
		Debug|Any CPU = Debug|Any CPU
		Release|Any CPU = Release|Any CPU
	EndGlobalSection
	GlobalSection(ProjectConfigurationPlatforms) = postSolution
		{4BABDC68-3DF2-4351-BE77-CDA1E33227AA}.Debug|Any CPU.ActiveCfg = Debug|Any CPU
		{4BABDC68-3DF2-4351-BE77-CDA1E33227AA}.Debug|Any CPU.Build.0 = Debug|Any CPU
		{4BABDC68-3DF2-4351-BE77-CDA1E33227AA}.Release|Any CPU.ActiveCfg = Release|Any CPU
		{4BABDC68-3DF2-4351-BE77-CDA1E33227AA}.Release|Any CPU.Build.0 = Release|Any CPU
		{07437B0C-EDED-4A03-BFBF-608AB2F0FB5E}.Debug|Any CPU.ActiveCfg = Debug|Any CPU
		{07437B0C-EDED-4A03-BFBF-608AB2F0FB5E}.Debug|Any CPU.Build.0 = Debug|Any CPU
		{07437B0C-EDED-4A03-BFBF-608AB2F0FB5E}.Release|Any CPU.ActiveCfg = Release|Any CPU
		{07437B0C-EDED-4A03-BFBF-608AB2F0FB5E}.Release|Any CPU.Build.0 = Release|Any CPU
		{6DFB835E-B6CC-40FF-B390-CB5CA62FEE91}.Debug|Any CPU.ActiveCfg = Debug|Any CPU
		{6DFB835E-B6CC-40FF-B390-CB5CA62FEE91}.Debug|Any CPU.Build.0 = Debug|Any CPU
		{6DFB835E-B6CC-40FF-B390-CB5CA62FEE91}.Release|Any CPU.ActiveCfg = Release|Any CPU
		{6DFB835E-B6CC-40FF-B390-CB5CA62FEE91}.Release|Any CPU.Build.0 = Release|Any CPU
		{E2512DFB-1047-49B1-9EBA-77CFCC216375}.Debug|Any CPU.ActiveCfg = Debug|Any CPU
		{E2512DFB-1047-49B1-9EBA-77CFCC216375}.Debug|Any CPU.Build.0 = Debug|Any CPU
		{E2512DFB-1047-49B1-9EBA-77CFCC216375}.Release|Any CPU.ActiveCfg = Release|Any CPU
		{E2512DFB-1047-49B1-9EBA-77CFCC216375}.Release|Any CPU.Build.0 = Release|Any CPU
		{E7DF6728-6148-4055-8C9D-F047F456A17A}.Debug|Any CPU.ActiveCfg = Debug|Any CPU
		{E7DF6728-6148-4055-8C9D-F047F456A17A}.Debug|Any CPU.Build.0 = Debug|Any CPU
		{E7DF6728-6148-4055-8C9D-F047F456A17A}.Release|Any CPU.ActiveCfg = Release|Any CPU
		{E7DF6728-6148-4055-8C9D-F047F456A17A}.Release|Any CPU.Build.0 = Release|Any CPU
		{6F5A2010-3AD7-4B12-97C1-E3557B0D9735}.Debug|Any CPU.ActiveCfg = Debug|Any CPU
		{6F5A2010-3AD7-4B12-97C1-E3557B0D9735}.Debug|Any CPU.Build.0 = Debug|Any CPU
		{6F5A2010-3AD7-4B12-97C1-E3557B0D9735}.Release|Any CPU.ActiveCfg = Release|Any CPU
		{6F5A2010-3AD7-4B12-97C1-E3557B0D9735}.Release|Any CPU.Build.0 = Release|Any CPU
		{B2EBD96B-CAF8-4EBF-880A-79EE6308A99C}.Debug|Any CPU.ActiveCfg = Debug|Any CPU
		{B2EBD96B-CAF8-4EBF-880A-79EE6308A99C}.Debug|Any CPU.Build.0 = Debug|Any CPU
		{B2EBD96B-CAF8-4EBF-880A-79EE6308A99C}.Release|Any CPU.ActiveCfg = Release|Any CPU
		{B2EBD96B-CAF8-4EBF-880A-79EE6308A99C}.Release|Any CPU.Build.0 = Release|Any CPU
		{D52CF04D-2E0C-446C-BE96-90B1CE8E1B40}.Debug|Any CPU.ActiveCfg = Debug|Any CPU
		{D52CF04D-2E0C-446C-BE96-90B1CE8E1B40}.Debug|Any CPU.Build.0 = Debug|Any CPU
		{D52CF04D-2E0C-446C-BE96-90B1CE8E1B40}.Release|Any CPU.ActiveCfg = Release|Any CPU
		{D52CF04D-2E0C-446C-BE96-90B1CE8E1B40}.Release|Any CPU.Build.0 = Release|Any CPU
		{E2CE3314-2006-476C-B6DB-B30766EB5816}.Debug|Any CPU.ActiveCfg = Debug|Any CPU
		{E2CE3314-2006-476C-B6DB-B30766EB5816}.Debug|Any CPU.Build.0 = Debug|Any CPU
		{E2CE3314-2006-476C-B6DB-B30766EB5816}.Release|Any CPU.ActiveCfg = Release|Any CPU
		{E2CE3314-2006-476C-B6DB-B30766EB5816}.Release|Any CPU.Build.0 = Release|Any CPU
	EndGlobalSection
	GlobalSection(SolutionProperties) = preSolution
		HideSolutionNode = FALSE
	EndGlobalSection
	GlobalSection(NestedProjects) = preSolution
		{4042FA0B-C55C-4198-92E0-B2490A9C0C19} = {450BA577-C222-47C9-BDF8-AB84C856AA63}
		{4BABDC68-3DF2-4351-BE77-CDA1E33227AA} = {4042FA0B-C55C-4198-92E0-B2490A9C0C19}
		{E5E72881-C6CA-49B2-9C6A-7CAF9F9EE41E} = {450BA577-C222-47C9-BDF8-AB84C856AA63}
		{07437B0C-EDED-4A03-BFBF-608AB2F0FB5E} = {E5E72881-C6CA-49B2-9C6A-7CAF9F9EE41E}
		{6DFB835E-B6CC-40FF-B390-CB5CA62FEE91} = {E5E72881-C6CA-49B2-9C6A-7CAF9F9EE41E}
		{E2512DFB-1047-49B1-9EBA-77CFCC216375} = {E5E72881-C6CA-49B2-9C6A-7CAF9F9EE41E}
		{E7DF6728-6148-4055-8C9D-F047F456A17A} = {E5E72881-C6CA-49B2-9C6A-7CAF9F9EE41E}
		{6F5A2010-3AD7-4B12-97C1-E3557B0D9735} = {E5E72881-C6CA-49B2-9C6A-7CAF9F9EE41E}
		{B2EBD96B-CAF8-4EBF-880A-79EE6308A99C} = {4042FA0B-C55C-4198-92E0-B2490A9C0C19}
		{D52CF04D-2E0C-446C-BE96-90B1CE8E1B40} = {4042FA0B-C55C-4198-92E0-B2490A9C0C19}
		{E2CE3314-2006-476C-B6DB-B30766EB5816} = {4042FA0B-C55C-4198-92E0-B2490A9C0C19}
	EndGlobalSection
	GlobalSection(ExtensibilityGlobals) = postSolution
		SolutionGuid = {04241B71-97A8-4E29-8AC8-3149C863EA38}
	EndGlobalSection
EndGlobal
